// !$*UTF8*$!
{
	archiveVersion = 1;
	classes = {
	};
	objectVersion = 56;
	objects = {

/* Begin PBXBuildFile section */
		6D3BF6C429D5A67F00D39394 /* AppDelegate.swift in Sources */ = {isa = PBXBuildFile; fileRef = 6D3BF6C329D5A67F00D39394 /* AppDelegate.swift */; };
		6D3BF6C629D5A67F00D39394 /* SceneDelegate.swift in Sources */ = {isa = PBXBuildFile; fileRef = 6D3BF6C529D5A67F00D39394 /* SceneDelegate.swift */; };
		6D3BF6C829D5A67F00D39394 /* ViewController.swift in Sources */ = {isa = PBXBuildFile; fileRef = 6D3BF6C729D5A67F00D39394 /* ViewController.swift */; };
		6D3BF6CB29D5A67F00D39394 /* Main.storyboard in Resources */ = {isa = PBXBuildFile; fileRef = 6D3BF6C929D5A67F00D39394 /* Main.storyboard */; };
		6D3BF6CE29D5A67F00D39394 /* DatePicker_03.xcdatamodeld in Sources */ = {isa = PBXBuildFile; fileRef = 6D3BF6CC29D5A67F00D39394 /* DatePicker_03.xcdatamodeld */; };
		6D3BF6D029D5A68000D39394 /* Assets.xcassets in Resources */ = {isa = PBXBuildFile; fileRef = 6D3BF6CF29D5A68000D39394 /* Assets.xcassets */; };
		6D3BF6D329D5A68000D39394 /* LaunchScreen.storyboard in Resources */ = {isa = PBXBuildFile; fileRef = 6D3BF6D129D5A68000D39394 /* LaunchScreen.storyboard */; };
		6D3BF6DE29D5A68100D39394 /* DatePicker_03Tests.swift in Sources */ = {isa = PBXBuildFile; fileRef = 6D3BF6DD29D5A68100D39394 /* DatePicker_03Tests.swift */; };
		6D3BF6E829D5A68100D39394 /* DatePicker_03UITests.swift in Sources */ = {isa = PBXBuildFile; fileRef = 6D3BF6E729D5A68100D39394 /* DatePicker_03UITests.swift */; };
		6D3BF6EA29D5A68100D39394 /* DatePicker_03UITestsLaunchTests.swift in Sources */ = {isa = PBXBuildFile; fileRef = 6D3BF6E929D5A68100D39394 /* DatePicker_03UITestsLaunchTests.swift */; };
/* End PBXBuildFile section */

/* Begin PBXContainerItemProxy section */
		6D3BF6DA29D5A68100D39394 /* PBXContainerItemProxy */ = {
			isa = PBXContainerItemProxy;
			containerPortal = 6D3BF6B829D5A67F00D39394 /* Project object */;
			proxyType = 1;
			remoteGlobalIDString = 6D3BF6BF29D5A67F00D39394;
			remoteInfo = DatePicker_03;
		};
		6D3BF6E429D5A68100D39394 /* PBXContainerItemProxy */ = {
			isa = PBXContainerItemProxy;
			containerPortal = 6D3BF6B829D5A67F00D39394 /* Project object */;
			proxyType = 1;
			remoteGlobalIDString = 6D3BF6BF29D5A67F00D39394;
			remoteInfo = DatePicker_03;
		};
/* End PBXContainerItemProxy section */

/* Begin PBXFileReference section */
		6D3BF6C029D5A67F00D39394 /* DatePicker_03.app */ = {isa = PBXFileReference; explicitFileType = wrapper.application; includeInIndex = 0; path = DatePicker_03.app; sourceTree = BUILT_PRODUCTS_DIR; };
		6D3BF6C329D5A67F00D39394 /* AppDelegate.swift */ = {isa = PBXFileReference; lastKnownFileType = sourcecode.swift; path = AppDelegate.swift; sourceTree = "<group>"; };
		6D3BF6C529D5A67F00D39394 /* SceneDelegate.swift */ = {isa = PBXFileReference; lastKnownFileType = sourcecode.swift; path = SceneDelegate.swift; sourceTree = "<group>"; };
		6D3BF6C729D5A67F00D39394 /* ViewController.swift */ = {isa = PBXFileReference; lastKnownFileType = sourcecode.swift; path = ViewController.swift; sourceTree = "<group>"; };
		6D3BF6CA29D5A67F00D39394 /* Base */ = {isa = PBXFileReference; lastKnownFileType = file.storyboard; name = Base; path = Base.lproj/Main.storyboard; sourceTree = "<group>"; };
		6D3BF6CD29D5A67F00D39394 /* DatePicker_03.xcdatamodel */ = {isa = PBXFileReference; lastKnownFileType = wrapper.xcdatamodel; path = DatePicker_03.xcdatamodel; sourceTree = "<group>"; };
		6D3BF6CF29D5A68000D39394 /* Assets.xcassets */ = {isa = PBXFileReference; lastKnownFileType = folder.assetcatalog; path = Assets.xcassets; sourceTree = "<group>"; };
		6D3BF6D229D5A68000D39394 /* Base */ = {isa = PBXFileReference; lastKnownFileType = file.storyboard; name = Base; path = Base.lproj/LaunchScreen.storyboard; sourceTree = "<group>"; };
		6D3BF6D429D5A68000D39394 /* Info.plist */ = {isa = PBXFileReference; lastKnownFileType = text.plist.xml; path = Info.plist; sourceTree = "<group>"; };
		6D3BF6D929D5A68100D39394 /* DatePicker_03Tests.xctest */ = {isa = PBXFileReference; explicitFileType = wrapper.cfbundle; includeInIndex = 0; path = DatePicker_03Tests.xctest; sourceTree = BUILT_PRODUCTS_DIR; };
		6D3BF6DD29D5A68100D39394 /* DatePicker_03Tests.swift */ = {isa = PBXFileReference; lastKnownFileType = sourcecode.swift; path = DatePicker_03Tests.swift; sourceTree = "<group>"; };
		6D3BF6E329D5A68100D39394 /* DatePicker_03UITests.xctest */ = {isa = PBXFileReference; explicitFileType = wrapper.cfbundle; includeInIndex = 0; path = DatePicker_03UITests.xctest; sourceTree = BUILT_PRODUCTS_DIR; };
		6D3BF6E729D5A68100D39394 /* DatePicker_03UITests.swift */ = {isa = PBXFileReference; lastKnownFileType = sourcecode.swift; path = DatePicker_03UITests.swift; sourceTree = "<group>"; };
		6D3BF6E929D5A68100D39394 /* DatePicker_03UITestsLaunchTests.swift */ = {isa = PBXFileReference; lastKnownFileType = sourcecode.swift; path = DatePicker_03UITestsLaunchTests.swift; sourceTree = "<group>"; };
/* End PBXFileReference section */

/* Begin PBXFrameworksBuildPhase section */
		6D3BF6BD29D5A67F00D39394 /* Frameworks */ = {
			isa = PBXFrameworksBuildPhase;
			buildActionMask = 2147483647;
			files = (
			);
			runOnlyForDeploymentPostprocessing = 0;
		};
		6D3BF6D629D5A68100D39394 /* Frameworks */ = {
			isa = PBXFrameworksBuildPhase;
			buildActionMask = 2147483647;
			files = (
			);
			runOnlyForDeploymentPostprocessing = 0;
		};
		6D3BF6E029D5A68100D39394 /* Frameworks */ = {
			isa = PBXFrameworksBuildPhase;
			buildActionMask = 2147483647;
			files = (
			);
			runOnlyForDeploymentPostprocessing = 0;
		};
/* End PBXFrameworksBuildPhase section */

/* Begin PBXGroup section */
		6D3BF6B729D5A67F00D39394 = {
			isa = PBXGroup;
			children = (
				6D3BF6C229D5A67F00D39394 /* DatePicker_03 */,
				6D3BF6DC29D5A68100D39394 /* DatePicker_03Tests */,
				6D3BF6E629D5A68100D39394 /* DatePicker_03UITests */,
				6D3BF6C129D5A67F00D39394 /* Products */,
			);
			sourceTree = "<group>";
		};
		6D3BF6C129D5A67F00D39394 /* Products */ = {
			isa = PBXGroup;
			children = (
				6D3BF6C029D5A67F00D39394 /* DatePicker_03.app */,
				6D3BF6D929D5A68100D39394 /* DatePicker_03Tests.xctest */,
				6D3BF6E329D5A68100D39394 /* DatePicker_03UITests.xctest */,
			);
			name = Products;
			sourceTree = "<group>";
		};
		6D3BF6C229D5A67F00D39394 /* DatePicker_03 */ = {
			isa = PBXGroup;
			children = (
				6D3BF6C329D5A67F00D39394 /* AppDelegate.swift */,
				6D3BF6C529D5A67F00D39394 /* SceneDelegate.swift */,
				6D3BF6C729D5A67F00D39394 /* ViewController.swift */,
				6D3BF6C929D5A67F00D39394 /* Main.storyboard */,
				6D3BF6CF29D5A68000D39394 /* Assets.xcassets */,
				6D3BF6D129D5A68000D39394 /* LaunchScreen.storyboard */,
				6D3BF6D429D5A68000D39394 /* Info.plist */,
				6D3BF6CC29D5A67F00D39394 /* DatePicker_03.xcdatamodeld */,
			);
			path = DatePicker_03;
			sourceTree = "<group>";
		};
		6D3BF6DC29D5A68100D39394 /* DatePicker_03Tests */ = {
			isa = PBXGroup;
			children = (
				6D3BF6DD29D5A68100D39394 /* DatePicker_03Tests.swift */,
			);
			path = DatePicker_03Tests;
			sourceTree = "<group>";
		};
		6D3BF6E629D5A68100D39394 /* DatePicker_03UITests */ = {
			isa = PBXGroup;
			children = (
				6D3BF6E729D5A68100D39394 /* DatePicker_03UITests.swift */,
				6D3BF6E929D5A68100D39394 /* DatePicker_03UITestsLaunchTests.swift */,
			);
			path = DatePicker_03UITests;
			sourceTree = "<group>";
		};
/* End PBXGroup section */

/* Begin PBXNativeTarget section */
		6D3BF6BF29D5A67F00D39394 /* DatePicker_03 */ = {
			isa = PBXNativeTarget;
			buildConfigurationList = 6D3BF6ED29D5A68100D39394 /* Build configuration list for PBXNativeTarget "DatePicker_03" */;
			buildPhases = (
				6D3BF6BC29D5A67F00D39394 /* Sources */,
				6D3BF6BD29D5A67F00D39394 /* Frameworks */,
				6D3BF6BE29D5A67F00D39394 /* Resources */,
			);
			buildRules = (
			);
			dependencies = (
			);
			name = DatePicker_03;
			productName = DatePicker_03;
			productReference = 6D3BF6C029D5A67F00D39394 /* DatePicker_03.app */;
			productType = "com.apple.product-type.application";
		};
		6D3BF6D829D5A68100D39394 /* DatePicker_03Tests */ = {
			isa = PBXNativeTarget;
			buildConfigurationList = 6D3BF6F029D5A68100D39394 /* Build configuration list for PBXNativeTarget "DatePicker_03Tests" */;
			buildPhases = (
				6D3BF6D529D5A68100D39394 /* Sources */,
				6D3BF6D629D5A68100D39394 /* Frameworks */,
				6D3BF6D729D5A68100D39394 /* Resources */,
			);
			buildRules = (
			);
			dependencies = (
				6D3BF6DB29D5A68100D39394 /* PBXTargetDependency */,
			);
			name = DatePicker_03Tests;
			productName = DatePicker_03Tests;
			productReference = 6D3BF6D929D5A68100D39394 /* DatePicker_03Tests.xctest */;
			productType = "com.apple.product-type.bundle.unit-test";
		};
		6D3BF6E229D5A68100D39394 /* DatePicker_03UITests */ = {
			isa = PBXNativeTarget;
			buildConfigurationList = 6D3BF6F329D5A68100D39394 /* Build configuration list for PBXNativeTarget "DatePicker_03UITests" */;
			buildPhases = (
				6D3BF6DF29D5A68100D39394 /* Sources */,
				6D3BF6E029D5A68100D39394 /* Frameworks */,
				6D3BF6E129D5A68100D39394 /* Resources */,
			);
			buildRules = (
			);
			dependencies = (
				6D3BF6E529D5A68100D39394 /* PBXTargetDependency */,
			);
			name = DatePicker_03UITests;
			productName = DatePicker_03UITests;
			productReference = 6D3BF6E329D5A68100D39394 /* DatePicker_03UITests.xctest */;
			productType = "com.apple.product-type.bundle.ui-testing";
		};
/* End PBXNativeTarget section */

/* Begin PBXProject section */
		6D3BF6B829D5A67F00D39394 /* Project object */ = {
			isa = PBXProject;
			attributes = {
				BuildIndependentTargetsInParallel = 1;
				LastSwiftUpdateCheck = 1420;
				LastUpgradeCheck = 1420;
				TargetAttributes = {
					6D3BF6BF29D5A67F00D39394 = {
						CreatedOnToolsVersion = 14.2;
					};
					6D3BF6D829D5A68100D39394 = {
						CreatedOnToolsVersion = 14.2;
						TestTargetID = 6D3BF6BF29D5A67F00D39394;
					};
					6D3BF6E229D5A68100D39394 = {
						CreatedOnToolsVersion = 14.2;
						TestTargetID = 6D3BF6BF29D5A67F00D39394;
					};
				};
			};
			buildConfigurationList = 6D3BF6BB29D5A67F00D39394 /* Build configuration list for PBXProject "DatePicker_03" */;
			compatibilityVersion = "Xcode 14.0";
			developmentRegion = en;
			hasScannedForEncodings = 0;
			knownRegions = (
				en,
				Base,
			);
			mainGroup = 6D3BF6B729D5A67F00D39394;
			productRefGroup = 6D3BF6C129D5A67F00D39394 /* Products */;
			projectDirPath = "";
			projectRoot = "";
			targets = (
				6D3BF6BF29D5A67F00D39394 /* DatePicker_03 */,
				6D3BF6D829D5A68100D39394 /* DatePicker_03Tests */,
				6D3BF6E229D5A68100D39394 /* DatePicker_03UITests */,
			);
		};
/* End PBXProject section */

/* Begin PBXResourcesBuildPhase section */
		6D3BF6BE29D5A67F00D39394 /* Resources */ = {
			isa = PBXResourcesBuildPhase;
			buildActionMask = 2147483647;
			files = (
				6D3BF6D329D5A68000D39394 /* LaunchScreen.storyboard in Resources */,
				6D3BF6D029D5A68000D39394 /* Assets.xcassets in Resources */,
				6D3BF6CB29D5A67F00D39394 /* Main.storyboard in Resources */,
			);
			runOnlyForDeploymentPostprocessing = 0;
		};
		6D3BF6D729D5A68100D39394 /* Resources */ = {
			isa = PBXResourcesBuildPhase;
			buildActionMask = 2147483647;
			files = (
			);
			runOnlyForDeploymentPostprocessing = 0;
		};
		6D3BF6E129D5A68100D39394 /* Resources */ = {
			isa = PBXResourcesBuildPhase;
			buildActionMask = 2147483647;
			files = (
			);
			runOnlyForDeploymentPostprocessing = 0;
		};
/* End PBXResourcesBuildPhase section */

/* Begin PBXSourcesBuildPhase section */
		6D3BF6BC29D5A67F00D39394 /* Sources */ = {
			isa = PBXSourcesBuildPhase;
			buildActionMask = 2147483647;
			files = (
				6D3BF6CE29D5A67F00D39394 /* DatePicker_03.xcdatamodeld in Sources */,
				6D3BF6C829D5A67F00D39394 /* ViewController.swift in Sources */,
				6D3BF6C429D5A67F00D39394 /* AppDelegate.swift in Sources */,
				6D3BF6C629D5A67F00D39394 /* SceneDelegate.swift in Sources */,
			);
			runOnlyForDeploymentPostprocessing = 0;
		};
		6D3BF6D529D5A68100D39394 /* Sources */ = {
			isa = PBXSourcesBuildPhase;
			buildActionMask = 2147483647;
			files = (
				6D3BF6DE29D5A68100D39394 /* DatePicker_03Tests.swift in Sources */,
			);
			runOnlyForDeploymentPostprocessing = 0;
		};
		6D3BF6DF29D5A68100D39394 /* Sources */ = {
			isa = PBXSourcesBuildPhase;
			buildActionMask = 2147483647;
			files = (
				6D3BF6E829D5A68100D39394 /* DatePicker_03UITests.swift in Sources */,
				6D3BF6EA29D5A68100D39394 /* DatePicker_03UITestsLaunchTests.swift in Sources */,
			);
			runOnlyForDeploymentPostprocessing = 0;
		};
/* End PBXSourcesBuildPhase section */

/* Begin PBXTargetDependency section */
		6D3BF6DB29D5A68100D39394 /* PBXTargetDependency */ = {
			isa = PBXTargetDependency;
			target = 6D3BF6BF29D5A67F00D39394 /* DatePicker_03 */;
			targetProxy = 6D3BF6DA29D5A68100D39394 /* PBXContainerItemProxy */;
		};
		6D3BF6E529D5A68100D39394 /* PBXTargetDependency */ = {
			isa = PBXTargetDependency;
			target = 6D3BF6BF29D5A67F00D39394 /* DatePicker_03 */;
			targetProxy = 6D3BF6E429D5A68100D39394 /* PBXContainerItemProxy */;
		};
/* End PBXTargetDependency section */

/* Begin PBXVariantGroup section */
		6D3BF6C929D5A67F00D39394 /* Main.storyboard */ = {
			isa = PBXVariantGroup;
			children = (
				6D3BF6CA29D5A67F00D39394 /* Base */,
			);
			name = Main.storyboard;
			sourceTree = "<group>";
		};
		6D3BF6D129D5A68000D39394 /* LaunchScreen.storyboard */ = {
			isa = PBXVariantGroup;
			children = (
				6D3BF6D229D5A68000D39394 /* Base */,
			);
			name = LaunchScreen.storyboard;
			sourceTree = "<group>";
		};
/* End PBXVariantGroup section */

/* Begin XCBuildConfiguration section */
		6D3BF6EB29D5A68100D39394 /* Debug */ = {
			isa = XCBuildConfiguration;
			buildSettings = {
				ALWAYS_SEARCH_USER_PATHS = NO;
				CLANG_ANALYZER_NONNULL = YES;
				CLANG_ANALYZER_NUMBER_OBJECT_CONVERSION = YES_AGGRESSIVE;
				CLANG_CXX_LANGUAGE_STANDARD = "gnu++20";
				CLANG_ENABLE_MODULES = YES;
				CLANG_ENABLE_OBJC_ARC = YES;
				CLANG_ENABLE_OBJC_WEAK = YES;
				CLANG_WARN_BLOCK_CAPTURE_AUTORELEASING = YES;
				CLANG_WARN_BOOL_CONVERSION = YES;
				CLANG_WARN_COMMA = YES;
				CLANG_WARN_CONSTANT_CONVERSION = YES;
				CLANG_WARN_DEPRECATED_OBJC_IMPLEMENTATIONS = YES;
				CLANG_WARN_DIRECT_OBJC_ISA_USAGE = YES_ERROR;
				CLANG_WARN_DOCUMENTATION_COMMENTS = YES;
				CLANG_WARN_EMPTY_BODY = YES;
				CLANG_WARN_ENUM_CONVERSION = YES;
				CLANG_WARN_INFINITE_RECURSION = YES;
				CLANG_WARN_INT_CONVERSION = YES;
				CLANG_WARN_NON_LITERAL_NULL_CONVERSION = YES;
				CLANG_WARN_OBJC_IMPLICIT_RETAIN_SELF = YES;
				CLANG_WARN_OBJC_LITERAL_CONVERSION = YES;
				CLANG_WARN_OBJC_ROOT_CLASS = YES_ERROR;
				CLANG_WARN_QUOTED_INCLUDE_IN_FRAMEWORK_HEADER = YES;
				CLANG_WARN_RANGE_LOOP_ANALYSIS = YES;
				CLANG_WARN_STRICT_PROTOTYPES = YES;
				CLANG_WARN_SUSPICIOUS_MOVE = YES;
				CLANG_WARN_UNGUARDED_AVAILABILITY = YES_AGGRESSIVE;
				CLANG_WARN_UNREACHABLE_CODE = YES;
				CLANG_WARN__DUPLICATE_METHOD_MATCH = YES;
				COPY_PHASE_STRIP = NO;
				DEBUG_INFORMATION_FORMAT = dwarf;
				ENABLE_STRICT_OBJC_MSGSEND = YES;
				ENABLE_TESTABILITY = YES;
				GCC_C_LANGUAGE_STANDARD = gnu11;
				GCC_DYNAMIC_NO_PIC = NO;
				GCC_NO_COMMON_BLOCKS = YES;
				GCC_OPTIMIZATION_LEVEL = 0;
				GCC_PREPROCESSOR_DEFINITIONS = (
					"DEBUG=1",
					"$(inherited)",
				);
				GCC_WARN_64_TO_32_BIT_CONVERSION = YES;
				GCC_WARN_ABOUT_RETURN_TYPE = YES_ERROR;
				GCC_WARN_UNDECLARED_SELECTOR = YES;
				GCC_WARN_UNINITIALIZED_AUTOS = YES_AGGRESSIVE;
				GCC_WARN_UNUSED_FUNCTION = YES;
				GCC_WARN_UNUSED_VARIABLE = YES;
				IPHONEOS_DEPLOYMENT_TARGET = 16.2;
				MTL_ENABLE_DEBUG_INFO = INCLUDE_SOURCE;
				MTL_FAST_MATH = YES;
				ONLY_ACTIVE_ARCH = YES;
				SDKROOT = iphoneos;
				SWIFT_ACTIVE_COMPILATION_CONDITIONS = DEBUG;
				SWIFT_OPTIMIZATION_LEVEL = "-Onone";
			};
			name = Debug;
		};
		6D3BF6EC29D5A68100D39394 /* Release */ = {
			isa = XCBuildConfiguration;
			buildSettings = {
				ALWAYS_SEARCH_USER_PATHS = NO;
				CLANG_ANALYZER_NONNULL = YES;
				CLANG_ANALYZER_NUMBER_OBJECT_CONVERSION = YES_AGGRESSIVE;
				CLANG_CXX_LANGUAGE_STANDARD = "gnu++20";
				CLANG_ENABLE_MODULES = YES;
				CLANG_ENABLE_OBJC_ARC = YES;
				CLANG_ENABLE_OBJC_WEAK = YES;
				CLANG_WARN_BLOCK_CAPTURE_AUTORELEASING = YES;
				CLANG_WARN_BOOL_CONVERSION = YES;
				CLANG_WARN_COMMA = YES;
				CLANG_WARN_CONSTANT_CONVERSION = YES;
				CLANG_WARN_DEPRECATED_OBJC_IMPLEMENTATIONS = YES;
				CLANG_WARN_DIRECT_OBJC_ISA_USAGE = YES_ERROR;
				CLANG_WARN_DOCUMENTATION_COMMENTS = YES;
				CLANG_WARN_EMPTY_BODY = YES;
				CLANG_WARN_ENUM_CONVERSION = YES;
				CLANG_WARN_INFINITE_RECURSION = YES;
				CLANG_WARN_INT_CONVERSION = YES;
				CLANG_WARN_NON_LITERAL_NULL_CONVERSION = YES;
				CLANG_WARN_OBJC_IMPLICIT_RETAIN_SELF = YES;
				CLANG_WARN_OBJC_LITERAL_CONVERSION = YES;
				CLANG_WARN_OBJC_ROOT_CLASS = YES_ERROR;
				CLANG_WARN_QUOTED_INCLUDE_IN_FRAMEWORK_HEADER = YES;
				CLANG_WARN_RANGE_LOOP_ANALYSIS = YES;
				CLANG_WARN_STRICT_PROTOTYPES = YES;
				CLANG_WARN_SUSPICIOUS_MOVE = YES;
				CLANG_WARN_UNGUARDED_AVAILABILITY = YES_AGGRESSIVE;
				CLANG_WARN_UNREACHABLE_CODE = YES;
				CLANG_WARN__DUPLICATE_METHOD_MATCH = YES;
				COPY_PHASE_STRIP = NO;
				DEBUG_INFORMATION_FORMAT = "dwarf-with-dsym";
				ENABLE_NS_ASSERTIONS = NO;
				ENABLE_STRICT_OBJC_MSGSEND = YES;
				GCC_C_LANGUAGE_STANDARD = gnu11;
				GCC_NO_COMMON_BLOCKS = YES;
				GCC_WARN_64_TO_32_BIT_CONVERSION = YES;
				GCC_WARN_ABOUT_RETURN_TYPE = YES_ERROR;
				GCC_WARN_UNDECLARED_SELECTOR = YES;
				GCC_WARN_UNINITIALIZED_AUTOS = YES_AGGRESSIVE;
				GCC_WARN_UNUSED_FUNCTION = YES;
				GCC_WARN_UNUSED_VARIABLE = YES;
				IPHONEOS_DEPLOYMENT_TARGET = 16.2;
				MTL_ENABLE_DEBUG_INFO = NO;
				MTL_FAST_MATH = YES;
				SDKROOT = iphoneos;
				SWIFT_COMPILATION_MODE = wholemodule;
				SWIFT_OPTIMIZATION_LEVEL = "-O";
				VALIDATE_PRODUCT = YES;
			};
			name = Release;
		};
		6D3BF6EE29D5A68100D39394 /* Debug */ = {
			isa = XCBuildConfiguration;
			buildSettings = {
				ASSETCATALOG_COMPILER_APPICON_NAME = AppIcon;
				ASSETCATALOG_COMPILER_GLOBAL_ACCENT_COLOR_NAME = AccentColor;
				CODE_SIGN_STYLE = Automatic;
				CURRENT_PROJECT_VERSION = 1;
				GENERATE_INFOPLIST_FILE = YES;
				INFOPLIST_FILE = DatePicker_03/Info.plist;
				INFOPLIST_KEY_UIApplicationSupportsIndirectInputEvents = YES;
				INFOPLIST_KEY_UILaunchStoryboardName = LaunchScreen;
				INFOPLIST_KEY_UIMainStoryboardFile = Main;
				INFOPLIST_KEY_UISupportedInterfaceOrientations_iPad = "UIInterfaceOrientationPortrait UIInterfaceOrientationPortraitUpsideDown UIInterfaceOrientationLandscapeLeft UIInterfaceOrientationLandscapeRight";
				INFOPLIST_KEY_UISupportedInterfaceOrientations_iPhone = "UIInterfaceOrientationPortrait UIInterfaceOrientationLandscapeLeft UIInterfaceOrientationLandscapeRight";
				LD_RUNPATH_SEARCH_PATHS = (
					"$(inherited)",
					"@executable_path/Frameworks",
				);
				MARKETING_VERSION = 1.0;
				PRODUCT_BUNDLE_IDENTIFIER = "kr.ac.cu.DatePicker-03";
				PRODUCT_NAME = "$(TARGET_NAME)";
				SWIFT_EMIT_LOC_STRINGS = YES;
				SWIFT_VERSION = 5.0;
				TARGETED_DEVICE_FAMILY = "1,2";
			};
			name = Debug;
		};
		6D3BF6EF29D5A68100D39394 /* Release */ = {
			isa = XCBuildConfiguration;
			buildSettings = {
				ASSETCATALOG_COMPILER_APPICON_NAME = AppIcon;
				ASSETCATALOG_COMPILER_GLOBAL_ACCENT_COLOR_NAME = AccentColor;
				CODE_SIGN_STYLE = Automatic;
				CURRENT_PROJECT_VERSION = 1;
				GENERATE_INFOPLIST_FILE = YES;
				INFOPLIST_FILE = DatePicker_03/Info.plist;
				INFOPLIST_KEY_UIApplicationSupportsIndirectInputEvents = YES;
				INFOPLIST_KEY_UILaunchStoryboardName = LaunchScreen;
				INFOPLIST_KEY_UIMainStoryboardFile = Main;
				INFOPLIST_KEY_UISupportedInterfaceOrientations_iPad = "UIInterfaceOrientationPortrait UIInterfaceOrientationPortraitUpsideDown UIInterfaceOrientationLandscapeLeft UIInterfaceOrientationLandscapeRight";
				INFOPLIST_KEY_UISupportedInterfaceOrientations_iPhone = "UIInterfaceOrientationPortrait UIInterfaceOrientationLandscapeLeft UIInterfaceOrientationLandscapeRight";
				LD_RUNPATH_SEARCH_PATHS = (
					"$(inherited)",
					"@executable_path/Frameworks",
				);
				MARKETING_VERSION = 1.0;
				PRODUCT_BUNDLE_IDENTIFIER = "kr.ac.cu.DatePicker-03";
				PRODUCT_NAME = "$(TARGET_NAME)";
				SWIFT_EMIT_LOC_STRINGS = YES;
				SWIFT_VERSION = 5.0;
				TARGETED_DEVICE_FAMILY = "1,2";
			};
			name = Release;
		};
		6D3BF6F129D5A68100D39394 /* Debug */ = {
			isa = XCBuildConfiguration;
			buildSettings = {
				ALWAYS_EMBED_SWIFT_STANDARD_LIBRARIES = YES;
				BUNDLE_LOADER = "$(TEST_HOST)";
				CODE_SIGN_STYLE = Automatic;
				CURRENT_PROJECT_VERSION = 1;
				GENERATE_INFOPLIST_FILE = YES;
				IPHONEOS_DEPLOYMENT_TARGET = 16.2;
				MARKETING_VERSION = 1.0;
				PRODUCT_BUNDLE_IDENTIFIER = "kr.ac.cu.DatePicker-03Tests";
				PRODUCT_NAME = "$(TARGET_NAME)";
				SWIFT_EMIT_LOC_STRINGS = NO;
				SWIFT_VERSION = 5.0;
				TARGETED_DEVICE_FAMILY = "1,2";
				TEST_HOST = "$(BUILT_PRODUCTS_DIR)/DatePicker_03.app/$(BUNDLE_EXECUTABLE_FOLDER_PATH)/DatePicker_03";
			};
			name = Debug;
		};
		6D3BF6F229D5A68100D39394 /* Release */ = {
			isa = XCBuildConfiguration;
			buildSettings = {
				ALWAYS_EMBED_SWIFT_STANDARD_LIBRARIES = YES;
				BUNDLE_LOADER = "$(TEST_HOST)";
				CODE_SIGN_STYLE = Automatic;
				CURRENT_PROJECT_VERSION = 1;
				GENERATE_INFOPLIST_FILE = YES;
				IPHONEOS_DEPLOYMENT_TARGET = 16.2;
				MARKETING_VERSION = 1.0;
				PRODUCT_BUNDLE_IDENTIFIER = "kr.ac.cu.DatePicker-03Tests";
				PRODUCT_NAME = "$(TARGET_NAME)";
				SWIFT_EMIT_LOC_STRINGS = NO;
				SWIFT_VERSION = 5.0;
				TARGETED_DEVICE_FAMILY = "1,2";
				TEST_HOST = "$(BUILT_PRODUCTS_DIR)/DatePicker_03.app/$(BUNDLE_EXECUTABLE_FOLDER_PATH)/DatePicker_03";
			};
			name = Release;
		};
		6D3BF6F429D5A68100D39394 /* Debug */ = {
			isa = XCBuildConfiguration;
			buildSettings = {
				ALWAYS_EMBED_SWIFT_STANDARD_LIBRARIES = YES;
				CODE_SIGN_STYLE = Automatic;
				CURRENT_PROJECT_VERSION = 1;
				GENERATE_INFOPLIST_FILE = YES;
				MARKETING_VERSION = 1.0;
				PRODUCT_BUNDLE_IDENTIFIER = "kr.ac.cu.DatePicker-03UITests";
				PRODUCT_NAME = "$(TARGET_NAME)";
				SWIFT_EMIT_LOC_STRINGS = NO;
				SWIFT_VERSION = 5.0;
				TARGETED_DEVICE_FAMILY = "1,2";
				TEST_TARGET_NAME = DatePicker_03;
			};
			name = Debug;
		};
		6D3BF6F529D5A68100D39394 /* Release */ = {
			isa = XCBuildConfiguration;
			buildSettings = {
				ALWAYS_EMBED_SWIFT_STANDARD_LIBRARIES = YES;
				CODE_SIGN_STYLE = Automatic;
				CURRENT_PROJECT_VERSION = 1;
				GENERATE_INFOPLIST_FILE = YES;
				MARKETING_VERSION = 1.0;
				PRODUCT_BUNDLE_IDENTIFIER = "kr.ac.cu.DatePicker-03UITests";
				PRODUCT_NAME = "$(TARGET_NAME)";
				SWIFT_EMIT_LOC_STRINGS = NO;
				SWIFT_VERSION = 5.0;
				TARGETED_DEVICE_FAMILY = "1,2";
				TEST_TARGET_NAME = DatePicker_03;
			};
			name = Release;
		};
/* End XCBuildConfiguration section */

/* Begin XCConfigurationList section */
		6D3BF6BB29D5A67F00D39394 /* Build configuration list for PBXProject "DatePicker_03" */ = {
			isa = XCConfigurationList;
			buildConfigurations = (
				6D3BF6EB29D5A68100D39394 /* Debug */,
				6D3BF6EC29D5A68100D39394 /* Release */,
			);
			defaultConfigurationIsVisible = 0;
			defaultConfigurationName = Release;
		};
		6D3BF6ED29D5A68100D39394 /* Build configuration list for PBXNativeTarget "DatePicker_03" */ = {
			isa = XCConfigurationList;
			buildConfigurations = (
				6D3BF6EE29D5A68100D39394 /* Debug */,
				6D3BF6EF29D5A68100D39394 /* Release */,
			);
			defaultConfigurationIsVisible = 0;
			defaultConfigurationName = Release;
		};
		6D3BF6F029D5A68100D39394 /* Build configuration list for PBXNativeTarget "DatePicker_03Tests" */ = {
			isa = XCConfigurationList;
			buildConfigurations = (
				6D3BF6F129D5A68100D39394 /* Debug */,
				6D3BF6F229D5A68100D39394 /* Release */,
			);
			defaultConfigurationIsVisible = 0;
			defaultConfigurationName = Release;
		};
		6D3BF6F329D5A68100D39394 /* Build configuration list for PBXNativeTarget "DatePicker_03UITests" */ = {
			isa = XCConfigurationList;
			buildConfigurations = (
				6D3BF6F429D5A68100D39394 /* Debug */,
				6D3BF6F529D5A68100D39394 /* Release */,
			);
			defaultConfigurationIsVisible = 0;
			defaultConfigurationName = Release;
		};
/* End XCConfigurationList section */

/* Begin XCVersionGroup section */
		6D3BF6CC29D5A67F00D39394 /* DatePicker_03.xcdatamodeld */ = {
			isa = XCVersionGroup;
			children = (
				6D3BF6CD29D5A67F00D39394 /* DatePicker_03.xcdatamodel */,
			);
			currentVersion = 6D3BF6CD29D5A67F00D39394 /* DatePicker_03.xcdatamodel */;
			path = DatePicker_03.xcdatamodeld;
			sourceTree = "<group>";
			versionGroupType = wrapper.xcdatamodel;
		};
/* End XCVersionGroup section */
	};
	rootObject = 6D3BF6B829D5A67F00D39394 /* Project object */;
}
